
Microsoft Visual Studio Solution File, Format Version 12.00
# Visual Studio Version 17
VisualStudioVersion = 17.13.35919.96
MinimumVisualStudioVersion = 10.0.40219.1
Project("{FAE04EC0-301F-11D3-BF4B-00C04F79EFBC}") = "Docker_API", "BHP_API\Docker_API.csproj", "{B0BC336E-AEA3-4054-BEB0-9FB7F77D82EF}"
EndProject
Global
	GlobalSection(SolutionConfigurationPlatforms) = preSolution
		Debug|Any CPU = Debug|Any CPU
		Release|Any CPU = Release|Any CPU
	EndGlobalSection
	GlobalSection(ProjectConfigurationPlatforms) = postSolution
		{B0BC336E-AEA3-4054-BEB0-9FB7F77D82EF}.Debug|Any CPU.ActiveCfg = Debug|Any CPU
		{B0BC336E-AEA3-4054-BEB0-9FB7F77D82EF}.Debug|Any CPU.Build.0 = Debug|Any CPU
		{B0BC336E-AEA3-4054-BEB0-9FB7F77D82EF}.Release|Any CPU.ActiveCfg = Release|Any CPU
		{B0BC336E-AEA3-4054-BEB0-9FB7F77D82EF}.Release|Any CPU.Build.0 = Release|Any CPU
	EndGlobalSection
	GlobalSection(SolutionProperties) = preSolution
		HideSolutionNode = FALSE
	EndGlobalSection
	GlobalSection(ExtensibilityGlobals) = postSolution
		SolutionGuid = {4C182D08-F5E9-4275-8323-BF549DEFB322}
	EndGlobalSection
EndGlobal
